
Microsoft Visual Studio Solution File, Format Version 12.00
# Visual Studio Version 16
VisualStudioVersion = 16.0.32126.315
MinimumVisualStudioVersion = 10.0.40219.1
Project("{FAE04EC0-301F-11D3-BF4B-00C04F79EFBC}") = "lab3_LaTrungHoa", "lab3_LaTrungHoa\lab3_LaTrungHoa.csproj", "{50BE7174-2A2D-4A25-9D33-C62FCF53C9EE}"
EndProject
Global
	GlobalSection(SolutionConfigurationPlatforms) = preSolution
		Debug|Any CPU = Debug|Any CPU
		Release|Any CPU = Release|Any CPU
	EndGlobalSection
	GlobalSection(ProjectConfigurationPlatforms) = postSolution
		{50BE7174-2A2D-4A25-9D33-C62FCF53C9EE}.Debug|Any CPU.ActiveCfg = Debug|Any CPU
		{50BE7174-2A2D-4A25-9D33-C62FCF53C9EE}.Debug|Any CPU.Build.0 = Debug|Any CPU
		{50BE7174-2A2D-4A25-9D33-C62FCF53C9EE}.Release|Any CPU.ActiveCfg = Release|Any CPU
		{50BE7174-2A2D-4A25-9D33-C62FCF53C9EE}.Release|Any CPU.Build.0 = Release|Any CPU
	EndGlobalSection
	GlobalSection(SolutionProperties) = preSolution
		HideSolutionNode = FALSE
	EndGlobalSection
	GlobalSection(ExtensibilityGlobals) = postSolution
		SolutionGuid = {5F7B5481-5802-4AC3-AF32-7D614B269660}
	EndGlobalSection
EndGlobal
